// !$*UTF8*$!
{
	archiveVersion = 1;
	classes = {
	};
	objectVersion = 46;
	objects = {

/* Begin PBXBuildFile section */
		790978221E5BB4DF001CC012 /* AppDelegate.swift in Sources */ = {isa = PBXBuildFile; fileRef = 790978211E5BB4DF001CC012 /* AppDelegate.swift */; };
		790978241E5BB4DF001CC012 /* ViewController.swift in Sources */ = {isa = PBXBuildFile; fileRef = 790978231E5BB4DF001CC012 /* ViewController.swift */; };
		790978271E5BB4DF001CC012 /* Main.storyboard in Resources */ = {isa = PBXBuildFile; fileRef = 790978251E5BB4DF001CC012 /* Main.storyboard */; };
		790978291E5BB4DF001CC012 /* Assets.xcassets in Resources */ = {isa = PBXBuildFile; fileRef = 790978281E5BB4DF001CC012 /* Assets.xcassets */; };
		7909782C1E5BB4DF001CC012 /* LaunchScreen.storyboard in Resources */ = {isa = PBXBuildFile; fileRef = 7909782A1E5BB4DF001CC012 /* LaunchScreen.storyboard */; };
		790978371E5BB4DF001CC012 /* FilterTests.swift in Sources */ = {isa = PBXBuildFile; fileRef = 790978361E5BB4DF001CC012 /* FilterTests.swift */; };
		790978421E5BB4DF001CC012 /* FilterUITests.swift in Sources */ = {isa = PBXBuildFile; fileRef = 790978411E5BB4DF001CC012 /* FilterUITests.swift */; };
/* End PBXBuildFile section */

/* Begin PBXContainerItemProxy section */
		790978331E5BB4DF001CC012 /* PBXContainerItemProxy */ = {
			isa = PBXContainerItemProxy;
			containerPortal = 790978161E5BB4DF001CC012 /* Project object */;
			proxyType = 1;
			remoteGlobalIDString = 7909781D1E5BB4DF001CC012;
			remoteInfo = Filter;
		};
		7909783E1E5BB4DF001CC012 /* PBXContainerItemProxy */ = {
			isa = PBXContainerItemProxy;
			containerPortal = 790978161E5BB4DF001CC012 /* Project object */;
			proxyType = 1;
			remoteGlobalIDString = 7909781D1E5BB4DF001CC012;
			remoteInfo = Filter;
		};
/* End PBXContainerItemProxy section */

/* Begin PBXFileReference section */
		7909781E1E5BB4DF001CC012 /* Filter.app */ = {isa = PBXFileReference; explicitFileType = wrapper.application; includeInIndex = 0; path = Filter.app; sourceTree = BUILT_PRODUCTS_DIR; };
		790978211E5BB4DF001CC012 /* AppDelegate.swift */ = {isa = PBXFileReference; lastKnownFileType = sourcecode.swift; path = AppDelegate.swift; sourceTree = "<group>"; };
		790978231E5BB4DF001CC012 /* ViewController.swift */ = {isa = PBXFileReference; lastKnownFileType = sourcecode.swift; path = ViewController.swift; sourceTree = "<group>"; };
		790978261E5BB4DF001CC012 /* Base */ = {isa = PBXFileReference; lastKnownFileType = file.storyboard; name = Base; path = Base.lproj/Main.storyboard; sourceTree = "<group>"; };
		790978281E5BB4DF001CC012 /* Assets.xcassets */ = {isa = PBXFileReference; lastKnownFileType = folder.assetcatalog; path = Assets.xcassets; sourceTree = "<group>"; };
		7909782B1E5BB4DF001CC012 /* Base */ = {isa = PBXFileReference; lastKnownFileType = file.storyboard; name = Base; path = Base.lproj/LaunchScreen.storyboard; sourceTree = "<group>"; };
		7909782D1E5BB4DF001CC012 /* Info.plist */ = {isa = PBXFileReference; lastKnownFileType = text.plist.xml; path = Info.plist; sourceTree = "<group>"; };
		790978321E5BB4DF001CC012 /* FilterTests.xctest */ = {isa = PBXFileReference; explicitFileType = wrapper.cfbundle; includeInIndex = 0; path = FilterTests.xctest; sourceTree = BUILT_PRODUCTS_DIR; };
		790978361E5BB4DF001CC012 /* FilterTests.swift */ = {isa = PBXFileReference; lastKnownFileType = sourcecode.swift; path = FilterTests.swift; sourceTree = "<group>"; };
		790978381E5BB4DF001CC012 /* Info.plist */ = {isa = PBXFileReference; lastKnownFileType = text.plist.xml; path = Info.plist; sourceTree = "<group>"; };
		7909783D1E5BB4DF001CC012 /* FilterUITests.xctest */ = {isa = PBXFileReference; explicitFileType = wrapper.cfbundle; includeInIndex = 0; path = FilterUITests.xctest; sourceTree = BUILT_PRODUCTS_DIR; };
		790978411E5BB4DF001CC012 /* FilterUITests.swift */ = {isa = PBXFileReference; lastKnownFileType = sourcecode.swift; path = FilterUITests.swift; sourceTree = "<group>"; };
		790978431E5BB4DF001CC012 /* Info.plist */ = {isa = PBXFileReference; lastKnownFileType = text.plist.xml; path = Info.plist; sourceTree = "<group>"; };
/* End PBXFileReference section */

/* Begin PBXFrameworksBuildPhase section */
		7909781B1E5BB4DF001CC012 /* Frameworks */ = {
			isa = PBXFrameworksBuildPhase;
			buildActionMask = 2147483647;
			files = (
			);
			runOnlyForDeploymentPostprocessing = 0;
		};
		7909782F1E5BB4DF001CC012 /* Frameworks */ = {
			isa = PBXFrameworksBuildPhase;
			buildActionMask = 2147483647;
			files = (
			);
			runOnlyForDeploymentPostprocessing = 0;
		};
		7909783A1E5BB4DF001CC012 /* Frameworks */ = {
			isa = PBXFrameworksBuildPhase;
			buildActionMask = 2147483647;
			files = (
			);
			runOnlyForDeploymentPostprocessing = 0;
		};
/* End PBXFrameworksBuildPhase section */

/* Begin PBXGroup section */
		790978151E5BB4DF001CC012 = {
			isa = PBXGroup;
			children = (
				790978201E5BB4DF001CC012 /* Filter */,
				790978351E5BB4DF001CC012 /* FilterTests */,
				790978401E5BB4DF001CC012 /* FilterUITests */,
				7909781F1E5BB4DF001CC012 /* Products */,
			);
			sourceTree = "<group>";
		};
		7909781F1E5BB4DF001CC012 /* Products */ = {
			isa = PBXGroup;
			children = (
				7909781E1E5BB4DF001CC012 /* Filter.app */,
				790978321E5BB4DF001CC012 /* FilterTests.xctest */,
				7909783D1E5BB4DF001CC012 /* FilterUITests.xctest */,
			);
			name = Products;
			sourceTree = "<group>";
		};
		790978201E5BB4DF001CC012 /* Filter */ = {
			isa = PBXGroup;
			children = (
				790978211E5BB4DF001CC012 /* AppDelegate.swift */,
				790978231E5BB4DF001CC012 /* ViewController.swift */,
				790978251E5BB4DF001CC012 /* Main.storyboard */,
				790978281E5BB4DF001CC012 /* Assets.xcassets */,
				7909782A1E5BB4DF001CC012 /* LaunchScreen.storyboard */,
				7909782D1E5BB4DF001CC012 /* Info.plist */,
			);
			path = Filter;
			sourceTree = "<group>";
		};
		790978351E5BB4DF001CC012 /* FilterTests */ = {
			isa = PBXGroup;
			children = (
				790978361E5BB4DF001CC012 /* FilterTests.swift */,
				790978381E5BB4DF001CC012 /* Info.plist */,
			);
			path = FilterTests;
			sourceTree = "<group>";
		};
		790978401E5BB4DF001CC012 /* FilterUITests */ = {
			isa = PBXGroup;
			children = (
				790978411E5BB4DF001CC012 /* FilterUITests.swift */,
				790978431E5BB4DF001CC012 /* Info.plist */,
			);
			path = FilterUITests;
			sourceTree = "<group>";
		};
/* End PBXGroup section */

/* Begin PBXNativeTarget section */
		7909781D1E5BB4DF001CC012 /* Filter */ = {
			isa = PBXNativeTarget;
			buildConfigurationList = 790978461E5BB4DF001CC012 /* Build configuration list for PBXNativeTarget "Filter" */;
			buildPhases = (
				7909781A1E5BB4DF001CC012 /* Sources */,
				7909781B1E5BB4DF001CC012 /* Frameworks */,
				7909781C1E5BB4DF001CC012 /* Resources */,
			);
			buildRules = (
			);
			dependencies = (
			);
			name = Filter;
			productName = Filter;
			productReference = 7909781E1E5BB4DF001CC012 /* Filter.app */;
			productType = "com.apple.product-type.application";
		};
		790978311E5BB4DF001CC012 /* FilterTests */ = {
			isa = PBXNativeTarget;
			buildConfigurationList = 790978491E5BB4DF001CC012 /* Build configuration list for PBXNativeTarget "FilterTests" */;
			buildPhases = (
				7909782E1E5BB4DF001CC012 /* Sources */,
				7909782F1E5BB4DF001CC012 /* Frameworks */,
				790978301E5BB4DF001CC012 /* Resources */,
			);
			buildRules = (
			);
			dependencies = (
				790978341E5BB4DF001CC012 /* PBXTargetDependency */,
			);
			name = FilterTests;
			productName = FilterTests;
			productReference = 790978321E5BB4DF001CC012 /* FilterTests.xctest */;
			productType = "com.apple.product-type.bundle.unit-test";
		};
		7909783C1E5BB4DF001CC012 /* FilterUITests */ = {
			isa = PBXNativeTarget;
			buildConfigurationList = 7909784C1E5BB4DF001CC012 /* Build configuration list for PBXNativeTarget "FilterUITests" */;
			buildPhases = (
				790978391E5BB4DF001CC012 /* Sources */,
				7909783A1E5BB4DF001CC012 /* Frameworks */,
				7909783B1E5BB4DF001CC012 /* Resources */,
			);
			buildRules = (
			);
			dependencies = (
				7909783F1E5BB4DF001CC012 /* PBXTargetDependency */,
			);
			name = FilterUITests;
			productName = FilterUITests;
			productReference = 7909783D1E5BB4DF001CC012 /* FilterUITests.xctest */;
			productType = "com.apple.product-type.bundle.ui-testing";
		};
/* End PBXNativeTarget section */

/* Begin PBXProject section */
		790978161E5BB4DF001CC012 /* Project object */ = {
			isa = PBXProject;
			attributes = {
				LastSwiftUpdateCheck = 0820;
				LastUpgradeCheck = 0820;
				ORGANIZATIONNAME = "Kyle Chronis";
				TargetAttributes = {
					7909781D1E5BB4DF001CC012 = {
						CreatedOnToolsVersion = 8.2.1;
						ProvisioningStyle = Automatic;
					};
					790978311E5BB4DF001CC012 = {
						CreatedOnToolsVersion = 8.2.1;
						ProvisioningStyle = Automatic;
						TestTargetID = 7909781D1E5BB4DF001CC012;
					};
					7909783C1E5BB4DF001CC012 = {
						CreatedOnToolsVersion = 8.2.1;
						ProvisioningStyle = Automatic;
						TestTargetID = 7909781D1E5BB4DF001CC012;
					};
				};
			};
			buildConfigurationList = 790978191E5BB4DF001CC012 /* Build configuration list for PBXProject "Filter" */;
			compatibilityVersion = "Xcode 3.2";
			developmentRegion = English;
			hasScannedForEncodings = 0;
			knownRegions = (
				en,
				Base,
			);
			mainGroup = 790978151E5BB4DF001CC012;
			productRefGroup = 7909781F1E5BB4DF001CC012 /* Products */;
			projectDirPath = "";
			projectRoot = "";
			targets = (
				7909781D1E5BB4DF001CC012 /* Filter */,
				790978311E5BB4DF001CC012 /* FilterTests */,
				7909783C1E5BB4DF001CC012 /* FilterUITests */,
			);
		};
/* End PBXProject section */

/* Begin PBXResourcesBuildPhase section */
		7909781C1E5BB4DF001CC012 /* Resources */ = {
			isa = PBXResourcesBuildPhase;
			buildActionMask = 2147483647;
			files = (
				7909782C1E5BB4DF001CC012 /* LaunchScreen.storyboard in Resources */,
				790978291E5BB4DF001CC012 /* Assets.xcassets in Resources */,
				790978271E5BB4DF001CC012 /* Main.storyboard in Resources */,
			);
			runOnlyForDeploymentPostprocessing = 0;
		};
		790978301E5BB4DF001CC012 /* Resources */ = {
			isa = PBXResourcesBuildPhase;
			buildActionMask = 2147483647;
			files = (
			);
			runOnlyForDeploymentPostprocessing = 0;
		};
		7909783B1E5BB4DF001CC012 /* Resources */ = {
			isa = PBXResourcesBuildPhase;
			buildActionMask = 2147483647;
			files = (
			);
			runOnlyForDeploymentPostprocessing = 0;
		};
/* End PBXResourcesBuildPhase section */

/* Begin PBXSourcesBuildPhase section */
		7909781A1E5BB4DF001CC012 /* Sources */ = {
			isa = PBXSourcesBuildPhase;
			buildActionMask = 2147483647;
			files = (
				790978241E5BB4DF001CC012 /* ViewController.swift in Sources */,
				790978221E5BB4DF001CC012 /* AppDelegate.swift in Sources */,
			);
			runOnlyForDeploymentPostprocessing = 0;
		};
		7909782E1E5BB4DF001CC012 /* Sources */ = {
			isa = PBXSourcesBuildPhase;
			buildActionMask = 2147483647;
			files = (
				790978371E5BB4DF001CC012 /* FilterTests.swift in Sources */,
			);
			runOnlyForDeploymentPostprocessing = 0;
		};
		790978391E5BB4DF001CC012 /* Sources */ = {
			isa = PBXSourcesBuildPhase;
			buildActionMask = 2147483647;
			files = (
				790978421E5BB4DF001CC012 /* FilterUITests.swift in Sources */,
			);
			runOnlyForDeploymentPostprocessing = 0;
		};
/* End PBXSourcesBuildPhase section */

/* Begin PBXTargetDependency section */
		790978341E5BB4DF001CC012 /* PBXTargetDependency */ = {
			isa = PBXTargetDependency;
			target = 7909781D1E5BB4DF001CC012 /* Filter */;
			targetProxy = 790978331E5BB4DF001CC012 /* PBXContainerItemProxy */;
		};
		7909783F1E5BB4DF001CC012 /* PBXTargetDependency */ = {
			isa = PBXTargetDependency;
			target = 7909781D1E5BB4DF001CC012 /* Filter */;
			targetProxy = 7909783E1E5BB4DF001CC012 /* PBXContainerItemProxy */;
		};
/* End PBXTargetDependency section */

/* Begin PBXVariantGroup section */
		790978251E5BB4DF001CC012 /* Main.storyboard */ = {
			isa = PBXVariantGroup;
			children = (
				790978261E5BB4DF001CC012 /* Base */,
			);
			name = Main.storyboard;
			sourceTree = "<group>";
		};
		7909782A1E5BB4DF001CC012 /* LaunchScreen.storyboard */ = {
			isa = PBXVariantGroup;
			children = (
				7909782B1E5BB4DF001CC012 /* Base */,
			);
			name = LaunchScreen.storyboard;
			sourceTree = "<group>";
		};
/* End PBXVariantGroup section */

/* Begin XCBuildConfiguration section */
		790978441E5BB4DF001CC012 /* Debug */ = {
			isa = XCBuildConfiguration;
			buildSettings = {
				ALWAYS_SEARCH_USER_PATHS = NO;
				CLANG_ANALYZER_NONNULL = YES;
				CLANG_CXX_LANGUAGE_STANDARD = "gnu++0x";
				CLANG_CXX_LIBRARY = "libc++";
				CLANG_ENABLE_MODULES = YES;
				CLANG_ENABLE_OBJC_ARC = YES;
				CLANG_WARN_BOOL_CONVERSION = YES;
				CLANG_WARN_CONSTANT_CONVERSION = YES;
				CLANG_WARN_DIRECT_OBJC_ISA_USAGE = YES_ERROR;
				CLANG_WARN_DOCUMENTATION_COMMENTS = YES;
				CLANG_WARN_EMPTY_BODY = YES;
				CLANG_WARN_ENUM_CONVERSION = YES;
				CLANG_WARN_INFINITE_RECURSION = YES;
				CLANG_WARN_INT_CONVERSION = YES;
				CLANG_WARN_OBJC_ROOT_CLASS = YES_ERROR;
				CLANG_WARN_SUSPICIOUS_MOVE = YES;
				CLANG_WARN_UNREACHABLE_CODE = YES;
				CLANG_WARN__DUPLICATE_METHOD_MATCH = YES;
				"CODE_SIGN_IDENTITY[sdk=iphoneos*]" = "iPhone Developer";
				COPY_PHASE_STRIP = NO;
				DEBUG_INFORMATION_FORMAT = dwarf;
				ENABLE_STRICT_OBJC_MSGSEND = YES;
				ENABLE_TESTABILITY = YES;
				GCC_C_LANGUAGE_STANDARD = gnu99;
				GCC_DYNAMIC_NO_PIC = NO;
				GCC_NO_COMMON_BLOCKS = YES;
				GCC_OPTIMIZATION_LEVEL = 0;
				GCC_PREPROCESSOR_DEFINITIONS = (
					"DEBUG=1",
					"$(inherited)",
				);
				GCC_WARN_64_TO_32_BIT_CONVERSION = YES;
				GCC_WARN_ABOUT_RETURN_TYPE = YES_ERROR;
				GCC_WARN_UNDECLARED_SELECTOR = YES;
				GCC_WARN_UNINITIALIZED_AUTOS = YES_AGGRESSIVE;
				GCC_WARN_UNUSED_FUNCTION = YES;
				GCC_WARN_UNUSED_VARIABLE = YES;
				IPHONEOS_DEPLOYMENT_TARGET = 10.2;
				MTL_ENABLE_DEBUG_INFO = YES;
				ONLY_ACTIVE_ARCH = YES;
				SDKROOT = iphoneos;
				SWIFT_ACTIVE_COMPILATION_CONDITIONS = DEBUG;
				SWIFT_OPTIMIZATION_LEVEL = "-Onone";
			};
			name = Debug;
		};
		790978451E5BB4DF001CC012 /* Release */ = {
			isa = XCBuildConfiguration;
			buildSettings = {
				ALWAYS_SEARCH_USER_PATHS = NO;
				CLANG_ANALYZER_NONNULL = YES;
				CLANG_CXX_LANGUAGE_STANDARD = "gnu++0x";
				CLANG_CXX_LIBRARY = "libc++";
				CLANG_ENABLE_MODULES = YES;
				CLANG_ENABLE_OBJC_ARC = YES;
				CLANG_WARN_BOOL_CONVERSION = YES;
				CLANG_WARN_CONSTANT_CONVERSION = YES;
				CLANG_WARN_DIRECT_OBJC_ISA_USAGE = YES_ERROR;
				CLANG_WARN_DOCUMENTATION_COMMENTS = YES;
				CLANG_WARN_EMPTY_BODY = YES;
				CLANG_WARN_ENUM_CONVERSION = YES;
				CLANG_WARN_INFINITE_RECURSION = YES;
				CLANG_WARN_INT_CONVERSION = YES;
				CLANG_WARN_OBJC_ROOT_CLASS = YES_ERROR;
				CLANG_WARN_SUSPICIOUS_MOVE = YES;
				CLANG_WARN_UNREACHABLE_CODE = YES;
				CLANG_WARN__DUPLICATE_METHOD_MATCH = YES;
				"CODE_SIGN_IDENTITY[sdk=iphoneos*]" = "iPhone Developer";
				COPY_PHASE_STRIP = NO;
				DEBUG_INFORMATION_FORMAT = "dwarf-with-dsym";
				ENABLE_NS_ASSERTIONS = NO;
				ENABLE_STRICT_OBJC_MSGSEND = YES;
				GCC_C_LANGUAGE_STANDARD = gnu99;
				GCC_NO_COMMON_BLOCKS = YES;
				GCC_WARN_64_TO_32_BIT_CONVERSION = YES;
				GCC_WARN_ABOUT_RETURN_TYPE = YES_ERROR;
				GCC_WARN_UNDECLARED_SELECTOR = YES;
				GCC_WARN_UNINITIALIZED_AUTOS = YES_AGGRESSIVE;
				GCC_WARN_UNUSED_FUNCTION = YES;
				GCC_WARN_UNUSED_VARIABLE = YES;
				IPHONEOS_DEPLOYMENT_TARGET = 10.2;
				MTL_ENABLE_DEBUG_INFO = NO;
				SDKROOT = iphoneos;
				SWIFT_OPTIMIZATION_LEVEL = "-Owholemodule";
				VALIDATE_PRODUCT = YES;
			};
			name = Release;
		};
		790978471E5BB4DF001CC012 /* Debug */ = {
			isa = XCBuildConfiguration;
			buildSettings = {
				ASSETCATALOG_COMPILER_APPICON_NAME = AppIcon;
				INFOPLIST_FILE = Filter/Info.plist;
				LD_RUNPATH_SEARCH_PATHS = "$(inherited) @executable_path/Frameworks";
				PRODUCT_BUNDLE_IDENTIFIER = com.kylechronis.Filter;
				PRODUCT_NAME = "$(TARGET_NAME)";
				SWIFT_VERSION = 3.0;
			};
			name = Debug;
		};
		790978481E5BB4DF001CC012 /* Release */ = {
			isa = XCBuildConfiguration;
			buildSettings = {
				ASSETCATALOG_COMPILER_APPICON_NAME = AppIcon;
				INFOPLIST_FILE = Filter/Info.plist;
				LD_RUNPATH_SEARCH_PATHS = "$(inherited) @executable_path/Frameworks";
				PRODUCT_BUNDLE_IDENTIFIER = com.kylechronis.Filter;
				PRODUCT_NAME = "$(TARGET_NAME)";
				SWIFT_VERSION = 3.0;
			};
			name = Release;
		};
		7909784A1E5BB4DF001CC012 /* Debug */ = {
			isa = XCBuildConfiguration;
			buildSettings = {
				ALWAYS_EMBED_SWIFT_STANDARD_LIBRARIES = YES;
				BUNDLE_LOADER = "$(TEST_HOST)";
				INFOPLIST_FILE = FilterTests/Info.plist;
				LD_RUNPATH_SEARCH_PATHS = "$(inherited) @executable_path/Frameworks @loader_path/Frameworks";
				PRODUCT_BUNDLE_IDENTIFIER = com.kylechronis.FilterTests;
				PRODUCT_NAME = "$(TARGET_NAME)";
				SWIFT_VERSION = 3.0;
				TEST_HOST = "$(BUILT_PRODUCTS_DIR)/Filter.app/Filter";
			};
			name = Debug;
		};
		7909784B1E5BB4DF001CC012 /* Release */ = {
			isa = XCBuildConfiguration;
			buildSettings = {
				ALWAYS_EMBED_SWIFT_STANDARD_LIBRARIES = YES;
				BUNDLE_LOADER = "$(TEST_HOST)";
				INFOPLIST_FILE = FilterTests/Info.plist;
				LD_RUNPATH_SEARCH_PATHS = "$(inherited) @executable_path/Frameworks @loader_path/Frameworks";
				PRODUCT_BUNDLE_IDENTIFIER = com.kylechronis.FilterTests;
				PRODUCT_NAME = "$(TARGET_NAME)";
				SWIFT_VERSION = 3.0;
				TEST_HOST = "$(BUILT_PRODUCTS_DIR)/Filter.app/Filter";
			};
			name = Release;
		};
		7909784D1E5BB4DF001CC012 /* Debug */ = {
			isa = XCBuildConfiguration;
			buildSettings = {
				ALWAYS_EMBED_SWIFT_STANDARD_LIBRARIES = YES;
				INFOPLIST_FILE = FilterUITests/Info.plist;
				LD_RUNPATH_SEARCH_PATHS = "$(inherited) @executable_path/Frameworks @loader_path/Frameworks";
				PRODUCT_BUNDLE_IDENTIFIER = com.kylechronis.FilterUITests;
				PRODUCT_NAME = "$(TARGET_NAME)";
				SWIFT_VERSION = 3.0;
				TEST_TARGET_NAME = Filter;
			};
			name = Debug;
		};
		7909784E1E5BB4DF001CC012 /* Release */ = {
			isa = XCBuildConfiguration;
			buildSettings = {
				ALWAYS_EMBED_SWIFT_STANDARD_LIBRARIES = YES;
				INFOPLIST_FILE = FilterUITests/Info.plist;
				LD_RUNPATH_SEARCH_PATHS = "$(inherited) @executable_path/Frameworks @loader_path/Frameworks";
				PRODUCT_BUNDLE_IDENTIFIER = com.kylechronis.FilterUITests;
				PRODUCT_NAME = "$(TARGET_NAME)";
				SWIFT_VERSION = 3.0;
				TEST_TARGET_NAME = Filter;
			};
			name = Release;
		};
/* End XCBuildConfiguration section */

/* Begin XCConfigurationList section */
		790978191E5BB4DF001CC012 /* Build configuration list for PBXProject "Filter" */ = {
			isa = XCConfigurationList;
			buildConfigurations = (
				790978441E5BB4DF001CC012 /* Debug */,
				790978451E5BB4DF001CC012 /* Release */,
			);
			defaultConfigurationIsVisible = 0;
			defaultConfigurationName = Release;
		};
		790978461E5BB4DF001CC012 /* Build configuration list for PBXNativeTarget "Filter" */ = {
			isa = XCConfigurationList;
			buildConfigurations = (
				790978471E5BB4DF001CC012 /* Debug */,
				790978481E5BB4DF001CC012 /* Release */,
			);
			defaultConfigurationIsVisible = 0;
		};
		790978491E5BB4DF001CC012 /* Build configuration list for PBXNativeTarget "FilterTests" */ = {
			isa = XCConfigurationList;
			buildConfigurations = (
				7909784A1E5BB4DF001CC012 /* Debug */,
				7909784B1E5BB4DF001CC012 /* Release */,
			);
			defaultConfigurationIsVisible = 0;
		};
		7909784C1E5BB4DF001CC012 /* Build configuration list for PBXNativeTarget "FilterUITests" */ = {
			isa = XCConfigurationList;
			buildConfigurations = (
				7909784D1E5BB4DF001CC012 /* Debug */,
				7909784E1E5BB4DF001CC012 /* Release */,
			);
			defaultConfigurationIsVisible = 0;
		};
/* End XCConfigurationList section */
	};
	rootObject = 790978161E5BB4DF001CC012 /* Project object */;
}
